
Microsoft Visual Studio Solution File, Format Version 12.00
# Visual Studio Version 16
VisualStudioVersion = 16.0.810.16
MinimumVisualStudioVersion = 10.0.40219.1
Project("{FAE04EC0-301F-11D3-BF4B-00C04F79EFBC}") = "Encapsulation", "ProgrammingConcepts\Encapsulation.csproj", "{46F70FA8-04B0-46EB-BBE3-6307A2CD7D52}"
EndProject
Project("{2150E333-8FDC-42A3-9474-1A3956D46DE8}") = "Solution Items", "Solution Items", "{3F6B2928-E97B-41EE-99D1-EE8FF5DB874A}"
	ProjectSection(SolutionItems) = preProject
		README.md = README.md
	EndProjectSection
EndProject
Project("{FAE04EC0-301F-11D3-BF4B-00C04F79EFBC}") = "Composition", "Composition\Composition.csproj", "{F0997666-777D-4709-8172-BD29BC82C5B9}"
EndProject
Global
	GlobalSection(SolutionConfigurationPlatforms) = preSolution
		Debug|Any CPU = Debug|Any CPU
		Release|Any CPU = Release|Any CPU
	EndGlobalSection
	GlobalSection(ProjectConfigurationPlatforms) = postSolution
		{46F70FA8-04B0-46EB-BBE3-6307A2CD7D52}.Debug|Any CPU.ActiveCfg = Debug|Any CPU
		{46F70FA8-04B0-46EB-BBE3-6307A2CD7D52}.Debug|Any CPU.Build.0 = Debug|Any CPU
		{46F70FA8-04B0-46EB-BBE3-6307A2CD7D52}.Release|Any CPU.ActiveCfg = Release|Any CPU
		{46F70FA8-04B0-46EB-BBE3-6307A2CD7D52}.Release|Any CPU.Build.0 = Release|Any CPU
		{F0997666-777D-4709-8172-BD29BC82C5B9}.Debug|Any CPU.ActiveCfg = Debug|Any CPU
		{F0997666-777D-4709-8172-BD29BC82C5B9}.Debug|Any CPU.Build.0 = Debug|Any CPU
		{F0997666-777D-4709-8172-BD29BC82C5B9}.Release|Any CPU.ActiveCfg = Release|Any CPU
		{F0997666-777D-4709-8172-BD29BC82C5B9}.Release|Any CPU.Build.0 = Release|Any CPU
	EndGlobalSection
	GlobalSection(SolutionProperties) = preSolution
		HideSolutionNode = FALSE
	EndGlobalSection
	GlobalSection(ExtensibilityGlobals) = postSolution
		SolutionGuid = {9D1D2FE7-774C-4A11-B7A3-138E85B472CD}
	EndGlobalSection
EndGlobal
